
Microsoft Visual Studio Solution File, Format Version 12.00
# Visual Studio Version 17
VisualStudioVersion = 17.3.32929.385
MinimumVisualStudioVersion = 10.0.40219.1
Project("{8BC9CEB8-8B4A-11D0-8D11-00A0C91BC942}") = "LearnSTL", "LearnSTL\LearnSTL.vcxproj", "{BFDA4A7C-E6EF-4F5F-902C-BF3D31E6DFDF}"
EndProject
Project("{8BC9CEB8-8B4A-11D0-8D11-00A0C91BC942}") = "Array", "Array\Array.vcxproj", "{885B9437-E42E-48E9-B5B0-448A38D67A8B}"
EndProject
Project("{8BC9CEB8-8B4A-11D0-8D11-00A0C91BC942}") = "deque", "deque\deque.vcxproj", "{60AAA4B0-8410-4323-8D1F-3BDFE798B3D0}"
EndProject
Global
	GlobalSection(SolutionConfigurationPlatforms) = preSolution
		Debug|x64 = Debug|x64
		Debug|x86 = Debug|x86
		Release|x64 = Release|x64
		Release|x86 = Release|x86
	EndGlobalSection
	GlobalSection(ProjectConfigurationPlatforms) = postSolution
		{BFDA4A7C-E6EF-4F5F-902C-BF3D31E6DFDF}.Debug|x64.ActiveCfg = Debug|x64
		{BFDA4A7C-E6EF-4F5F-902C-BF3D31E6DFDF}.Debug|x64.Build.0 = Debug|x64
		{BFDA4A7C-E6EF-4F5F-902C-BF3D31E6DFDF}.Debug|x86.ActiveCfg = Debug|Win32
		{BFDA4A7C-E6EF-4F5F-902C-BF3D31E6DFDF}.Debug|x86.Build.0 = Debug|Win32
		{BFDA4A7C-E6EF-4F5F-902C-BF3D31E6DFDF}.Release|x64.ActiveCfg = Release|x64
		{BFDA4A7C-E6EF-4F5F-902C-BF3D31E6DFDF}.Release|x64.Build.0 = Release|x64
		{BFDA4A7C-E6EF-4F5F-902C-BF3D31E6DFDF}.Release|x86.ActiveCfg = Release|Win32
		{BFDA4A7C-E6EF-4F5F-902C-BF3D31E6DFDF}.Release|x86.Build.0 = Release|Win32
		{885B9437-E42E-48E9-B5B0-448A38D67A8B}.Debug|x64.ActiveCfg = Debug|x64
		{885B9437-E42E-48E9-B5B0-448A38D67A8B}.Debug|x64.Build.0 = Debug|x64
		{885B9437-E42E-48E9-B5B0-448A38D67A8B}.Debug|x86.ActiveCfg = Debug|Win32
		{885B9437-E42E-48E9-B5B0-448A38D67A8B}.Debug|x86.Build.0 = Debug|Win32
		{885B9437-E42E-48E9-B5B0-448A38D67A8B}.Release|x64.ActiveCfg = Release|x64
		{885B9437-E42E-48E9-B5B0-448A38D67A8B}.Release|x64.Build.0 = Release|x64
		{885B9437-E42E-48E9-B5B0-448A38D67A8B}.Release|x86.ActiveCfg = Release|Win32
		{885B9437-E42E-48E9-B5B0-448A38D67A8B}.Release|x86.Build.0 = Release|Win32
		{60AAA4B0-8410-4323-8D1F-3BDFE798B3D0}.Debug|x64.ActiveCfg = Debug|x64
		{60AAA4B0-8410-4323-8D1F-3BDFE798B3D0}.Debug|x64.Build.0 = Debug|x64
		{60AAA4B0-8410-4323-8D1F-3BDFE798B3D0}.Debug|x86.ActiveCfg = Debug|Win32
		{60AAA4B0-8410-4323-8D1F-3BDFE798B3D0}.Debug|x86.Build.0 = Debug|Win32
		{60AAA4B0-8410-4323-8D1F-3BDFE798B3D0}.Release|x64.ActiveCfg = Release|x64
		{60AAA4B0-8410-4323-8D1F-3BDFE798B3D0}.Release|x64.Build.0 = Release|x64
		{60AAA4B0-8410-4323-8D1F-3BDFE798B3D0}.Release|x86.ActiveCfg = Release|Win32
		{60AAA4B0-8410-4323-8D1F-3BDFE798B3D0}.Release|x86.Build.0 = Release|Win32
	EndGlobalSection
	GlobalSection(SolutionProperties) = preSolution
		HideSolutionNode = FALSE
	EndGlobalSection
	GlobalSection(ExtensibilityGlobals) = postSolution
		SolutionGuid = {5BFBCED2-56BB-41AE-8C60-B9201D709344}
	EndGlobalSection
EndGlobal
