
Microsoft Visual Studio Solution File, Format Version 12.00
# Visual Studio Version 17
VisualStudioVersion = 17.3.32929.385
MinimumVisualStudioVersion = 10.0.40219.1
Project("{8BC9CEB8-8B4A-11D0-8D11-00A0C91BC942}") = "LearnSTL", "LearnSTL\LearnSTL.vcxproj", "{BFDA4A7C-E6EF-4F5F-902C-BF3D31E6DFDF}"
EndProject
Project("{8BC9CEB8-8B4A-11D0-8D11-00A0C91BC942}") = "Array", "Array\Array.vcxproj", "{885B9437-E42E-48E9-B5B0-448A38D67A8B}"
EndProject
Project("{8BC9CEB8-8B4A-11D0-8D11-00A0C91BC942}") = "deque", "deque\deque.vcxproj", "{60AAA4B0-8410-4323-8D1F-3BDFE798B3D0}"
EndProject
Project("{8BC9CEB8-8B4A-11D0-8D11-00A0C91BC942}") = "forward_list", "forward_list\forward_list.vcxproj", "{982169B8-12DE-4666-8818-A21A607A53AA}"
EndProject
Project("{8BC9CEB8-8B4A-11D0-8D11-00A0C91BC942}") = "list", "list\list.vcxproj", "{3869E5B8-EB06-4B67-96EE-6412152FFBBF}"
EndProject
Project("{8BC9CEB8-8B4A-11D0-8D11-00A0C91BC942}") = "map", "map\map.vcxproj", "{B8A2556B-EBE1-425F-BF6B-4123AC174E61}"
EndProject
Project("{8BC9CEB8-8B4A-11D0-8D11-00A0C91BC942}") = "queue", "queue\queue.vcxproj", "{0F80B054-AFB6-4345-A05B-BB33A20A468B}"
EndProject
Project("{8BC9CEB8-8B4A-11D0-8D11-00A0C91BC942}") = "set", "set\set.vcxproj", "{A90B0A60-FE9D-4D9C-8B02-342AA7CD43D6}"
EndProject
Project("{8BC9CEB8-8B4A-11D0-8D11-00A0C91BC942}") = "stack", "stack\stack.vcxproj", "{D65047E6-544F-4A4F-8620-01C128417C9D}"
EndProject
Project("{8BC9CEB8-8B4A-11D0-8D11-00A0C91BC942}") = "unordered_map", "unordered_map\unordered_map.vcxproj", "{675B1603-168C-4A8C-988A-8CE6A53AA1C7}"
EndProject
Project("{8BC9CEB8-8B4A-11D0-8D11-00A0C91BC942}") = "unordered_set", "unordered_set\unordered_set.vcxproj", "{D1958D7D-F39B-433B-95EC-925D0CBD8941}"
EndProject
Project("{8BC9CEB8-8B4A-11D0-8D11-00A0C91BC942}") = "vector", "vector\vector.vcxproj", "{64E89788-B4EE-4093-8D8B-4795BFEC2128}"
EndProject
Project("{8BC9CEB8-8B4A-11D0-8D11-00A0C91BC942}") = "string", "string\string.vcxproj", "{092B57A7-4BBB-4DE5-9755-EF4A612AC8D8}"
EndProject
Global
	GlobalSection(SolutionConfigurationPlatforms) = preSolution
		Debug|x64 = Debug|x64
		Debug|x86 = Debug|x86
		Release|x64 = Release|x64
		Release|x86 = Release|x86
	EndGlobalSection
	GlobalSection(ProjectConfigurationPlatforms) = postSolution
		{BFDA4A7C-E6EF-4F5F-902C-BF3D31E6DFDF}.Debug|x64.ActiveCfg = Debug|x64
		{BFDA4A7C-E6EF-4F5F-902C-BF3D31E6DFDF}.Debug|x64.Build.0 = Debug|x64
		{BFDA4A7C-E6EF-4F5F-902C-BF3D31E6DFDF}.Debug|x86.ActiveCfg = Debug|Win32
		{BFDA4A7C-E6EF-4F5F-902C-BF3D31E6DFDF}.Debug|x86.Build.0 = Debug|Win32
		{BFDA4A7C-E6EF-4F5F-902C-BF3D31E6DFDF}.Release|x64.ActiveCfg = Release|x64
		{BFDA4A7C-E6EF-4F5F-902C-BF3D31E6DFDF}.Release|x64.Build.0 = Release|x64
		{BFDA4A7C-E6EF-4F5F-902C-BF3D31E6DFDF}.Release|x86.ActiveCfg = Release|Win32
		{BFDA4A7C-E6EF-4F5F-902C-BF3D31E6DFDF}.Release|x86.Build.0 = Release|Win32
		{885B9437-E42E-48E9-B5B0-448A38D67A8B}.Debug|x64.ActiveCfg = Debug|x64
		{885B9437-E42E-48E9-B5B0-448A38D67A8B}.Debug|x64.Build.0 = Debug|x64
		{885B9437-E42E-48E9-B5B0-448A38D67A8B}.Debug|x86.ActiveCfg = Debug|Win32
		{885B9437-E42E-48E9-B5B0-448A38D67A8B}.Debug|x86.Build.0 = Debug|Win32
		{885B9437-E42E-48E9-B5B0-448A38D67A8B}.Release|x64.ActiveCfg = Release|x64
		{885B9437-E42E-48E9-B5B0-448A38D67A8B}.Release|x64.Build.0 = Release|x64
		{885B9437-E42E-48E9-B5B0-448A38D67A8B}.Release|x86.ActiveCfg = Release|Win32
		{885B9437-E42E-48E9-B5B0-448A38D67A8B}.Release|x86.Build.0 = Release|Win32
		{60AAA4B0-8410-4323-8D1F-3BDFE798B3D0}.Debug|x64.ActiveCfg = Debug|x64
		{60AAA4B0-8410-4323-8D1F-3BDFE798B3D0}.Debug|x64.Build.0 = Debug|x64
		{60AAA4B0-8410-4323-8D1F-3BDFE798B3D0}.Debug|x86.ActiveCfg = Debug|Win32
		{60AAA4B0-8410-4323-8D1F-3BDFE798B3D0}.Debug|x86.Build.0 = Debug|Win32
		{60AAA4B0-8410-4323-8D1F-3BDFE798B3D0}.Release|x64.ActiveCfg = Release|x64
		{60AAA4B0-8410-4323-8D1F-3BDFE798B3D0}.Release|x64.Build.0 = Release|x64
		{60AAA4B0-8410-4323-8D1F-3BDFE798B3D0}.Release|x86.ActiveCfg = Release|Win32
		{60AAA4B0-8410-4323-8D1F-3BDFE798B3D0}.Release|x86.Build.0 = Release|Win32
		{982169B8-12DE-4666-8818-A21A607A53AA}.Debug|x64.ActiveCfg = Debug|x64
		{982169B8-12DE-4666-8818-A21A607A53AA}.Debug|x64.Build.0 = Debug|x64
		{982169B8-12DE-4666-8818-A21A607A53AA}.Debug|x86.ActiveCfg = Debug|Win32
		{982169B8-12DE-4666-8818-A21A607A53AA}.Debug|x86.Build.0 = Debug|Win32
		{982169B8-12DE-4666-8818-A21A607A53AA}.Release|x64.ActiveCfg = Release|x64
		{982169B8-12DE-4666-8818-A21A607A53AA}.Release|x64.Build.0 = Release|x64
		{982169B8-12DE-4666-8818-A21A607A53AA}.Release|x86.ActiveCfg = Release|Win32
		{982169B8-12DE-4666-8818-A21A607A53AA}.Release|x86.Build.0 = Release|Win32
		{3869E5B8-EB06-4B67-96EE-6412152FFBBF}.Debug|x64.ActiveCfg = Debug|x64
		{3869E5B8-EB06-4B67-96EE-6412152FFBBF}.Debug|x64.Build.0 = Debug|x64
		{3869E5B8-EB06-4B67-96EE-6412152FFBBF}.Debug|x86.ActiveCfg = Debug|Win32
		{3869E5B8-EB06-4B67-96EE-6412152FFBBF}.Debug|x86.Build.0 = Debug|Win32
		{3869E5B8-EB06-4B67-96EE-6412152FFBBF}.Release|x64.ActiveCfg = Release|x64
		{3869E5B8-EB06-4B67-96EE-6412152FFBBF}.Release|x64.Build.0 = Release|x64
		{3869E5B8-EB06-4B67-96EE-6412152FFBBF}.Release|x86.ActiveCfg = Release|Win32
		{3869E5B8-EB06-4B67-96EE-6412152FFBBF}.Release|x86.Build.0 = Release|Win32
		{B8A2556B-EBE1-425F-BF6B-4123AC174E61}.Debug|x64.ActiveCfg = Debug|x64
		{B8A2556B-EBE1-425F-BF6B-4123AC174E61}.Debug|x64.Build.0 = Debug|x64
		{B8A2556B-EBE1-425F-BF6B-4123AC174E61}.Debug|x86.ActiveCfg = Debug|Win32
		{B8A2556B-EBE1-425F-BF6B-4123AC174E61}.Debug|x86.Build.0 = Debug|Win32
		{B8A2556B-EBE1-425F-BF6B-4123AC174E61}.Release|x64.ActiveCfg = Release|x64
		{B8A2556B-EBE1-425F-BF6B-4123AC174E61}.Release|x64.Build.0 = Release|x64
		{B8A2556B-EBE1-425F-BF6B-4123AC174E61}.Release|x86.ActiveCfg = Release|Win32
		{B8A2556B-EBE1-425F-BF6B-4123AC174E61}.Release|x86.Build.0 = Release|Win32
		{0F80B054-AFB6-4345-A05B-BB33A20A468B}.Debug|x64.ActiveCfg = Debug|x64
		{0F80B054-AFB6-4345-A05B-BB33A20A468B}.Debug|x64.Build.0 = Debug|x64
		{0F80B054-AFB6-4345-A05B-BB33A20A468B}.Debug|x86.ActiveCfg = Debug|Win32
		{0F80B054-AFB6-4345-A05B-BB33A20A468B}.Debug|x86.Build.0 = Debug|Win32
		{0F80B054-AFB6-4345-A05B-BB33A20A468B}.Release|x64.ActiveCfg = Release|x64
		{0F80B054-AFB6-4345-A05B-BB33A20A468B}.Release|x64.Build.0 = Release|x64
		{0F80B054-AFB6-4345-A05B-BB33A20A468B}.Release|x86.ActiveCfg = Release|Win32
		{0F80B054-AFB6-4345-A05B-BB33A20A468B}.Release|x86.Build.0 = Release|Win32
		{A90B0A60-FE9D-4D9C-8B02-342AA7CD43D6}.Debug|x64.ActiveCfg = Debug|x64
		{A90B0A60-FE9D-4D9C-8B02-342AA7CD43D6}.Debug|x64.Build.0 = Debug|x64
		{A90B0A60-FE9D-4D9C-8B02-342AA7CD43D6}.Debug|x86.ActiveCfg = Debug|Win32
		{A90B0A60-FE9D-4D9C-8B02-342AA7CD43D6}.Debug|x86.Build.0 = Debug|Win32
		{A90B0A60-FE9D-4D9C-8B02-342AA7CD43D6}.Release|x64.ActiveCfg = Release|x64
		{A90B0A60-FE9D-4D9C-8B02-342AA7CD43D6}.Release|x64.Build.0 = Release|x64
		{A90B0A60-FE9D-4D9C-8B02-342AA7CD43D6}.Release|x86.ActiveCfg = Release|Win32
		{A90B0A60-FE9D-4D9C-8B02-342AA7CD43D6}.Release|x86.Build.0 = Release|Win32
		{D65047E6-544F-4A4F-8620-01C128417C9D}.Debug|x64.ActiveCfg = Debug|x64
		{D65047E6-544F-4A4F-8620-01C128417C9D}.Debug|x64.Build.0 = Debug|x64
		{D65047E6-544F-4A4F-8620-01C128417C9D}.Debug|x86.ActiveCfg = Debug|Win32
		{D65047E6-544F-4A4F-8620-01C128417C9D}.Debug|x86.Build.0 = Debug|Win32
		{D65047E6-544F-4A4F-8620-01C128417C9D}.Release|x64.ActiveCfg = Release|x64
		{D65047E6-544F-4A4F-8620-01C128417C9D}.Release|x64.Build.0 = Release|x64
		{D65047E6-544F-4A4F-8620-01C128417C9D}.Release|x86.ActiveCfg = Release|Win32
		{D65047E6-544F-4A4F-8620-01C128417C9D}.Release|x86.Build.0 = Release|Win32
		{675B1603-168C-4A8C-988A-8CE6A53AA1C7}.Debug|x64.ActiveCfg = Debug|x64
		{675B1603-168C-4A8C-988A-8CE6A53AA1C7}.Debug|x64.Build.0 = Debug|x64
		{675B1603-168C-4A8C-988A-8CE6A53AA1C7}.Debug|x86.ActiveCfg = Debug|Win32
		{675B1603-168C-4A8C-988A-8CE6A53AA1C7}.Debug|x86.Build.0 = Debug|Win32
		{675B1603-168C-4A8C-988A-8CE6A53AA1C7}.Release|x64.ActiveCfg = Release|x64
		{675B1603-168C-4A8C-988A-8CE6A53AA1C7}.Release|x64.Build.0 = Release|x64
		{675B1603-168C-4A8C-988A-8CE6A53AA1C7}.Release|x86.ActiveCfg = Release|Win32
		{675B1603-168C-4A8C-988A-8CE6A53AA1C7}.Release|x86.Build.0 = Release|Win32
		{D1958D7D-F39B-433B-95EC-925D0CBD8941}.Debug|x64.ActiveCfg = Debug|x64
		{D1958D7D-F39B-433B-95EC-925D0CBD8941}.Debug|x64.Build.0 = Debug|x64
		{D1958D7D-F39B-433B-95EC-925D0CBD8941}.Debug|x86.ActiveCfg = Debug|Win32
		{D1958D7D-F39B-433B-95EC-925D0CBD8941}.Debug|x86.Build.0 = Debug|Win32
		{D1958D7D-F39B-433B-95EC-925D0CBD8941}.Release|x64.ActiveCfg = Release|x64
		{D1958D7D-F39B-433B-95EC-925D0CBD8941}.Release|x64.Build.0 = Release|x64
		{D1958D7D-F39B-433B-95EC-925D0CBD8941}.Release|x86.ActiveCfg = Release|Win32
		{D1958D7D-F39B-433B-95EC-925D0CBD8941}.Release|x86.Build.0 = Release|Win32
		{64E89788-B4EE-4093-8D8B-4795BFEC2128}.Debug|x64.ActiveCfg = Debug|x64
		{64E89788-B4EE-4093-8D8B-4795BFEC2128}.Debug|x64.Build.0 = Debug|x64
		{64E89788-B4EE-4093-8D8B-4795BFEC2128}.Debug|x86.ActiveCfg = Debug|Win32
		{64E89788-B4EE-4093-8D8B-4795BFEC2128}.Debug|x86.Build.0 = Debug|Win32
		{64E89788-B4EE-4093-8D8B-4795BFEC2128}.Release|x64.ActiveCfg = Release|x64
		{64E89788-B4EE-4093-8D8B-4795BFEC2128}.Release|x64.Build.0 = Release|x64
		{64E89788-B4EE-4093-8D8B-4795BFEC2128}.Release|x86.ActiveCfg = Release|Win32
		{64E89788-B4EE-4093-8D8B-4795BFEC2128}.Release|x86.Build.0 = Release|Win32
		{092B57A7-4BBB-4DE5-9755-EF4A612AC8D8}.Debug|x64.ActiveCfg = Debug|x64
		{092B57A7-4BBB-4DE5-9755-EF4A612AC8D8}.Debug|x64.Build.0 = Debug|x64
		{092B57A7-4BBB-4DE5-9755-EF4A612AC8D8}.Debug|x86.ActiveCfg = Debug|Win32
		{092B57A7-4BBB-4DE5-9755-EF4A612AC8D8}.Debug|x86.Build.0 = Debug|Win32
		{092B57A7-4BBB-4DE5-9755-EF4A612AC8D8}.Release|x64.ActiveCfg = Release|x64
		{092B57A7-4BBB-4DE5-9755-EF4A612AC8D8}.Release|x64.Build.0 = Release|x64
		{092B57A7-4BBB-4DE5-9755-EF4A612AC8D8}.Release|x86.ActiveCfg = Release|Win32
		{092B57A7-4BBB-4DE5-9755-EF4A612AC8D8}.Release|x86.Build.0 = Release|Win32
	EndGlobalSection
	GlobalSection(SolutionProperties) = preSolution
		HideSolutionNode = FALSE
	EndGlobalSection
	GlobalSection(ExtensibilityGlobals) = postSolution
		SolutionGuid = {5BFBCED2-56BB-41AE-8C60-B9201D709344}
	EndGlobalSection
EndGlobal
